
Microsoft Visual Studio Solution File, Format Version 12.00
# Visual Studio Version 17
VisualStudioVersion = 17.1.32421.90
MinimumVisualStudioVersion = 10.0.40219.1
Project("{9A19103F-16F7-4668-BE54-9A1E7A4F7556}") = "UIX", "libs\MicrosoftIris\UIX\UIX.csproj", "{78A8B08C-C0E9-4BAC-9AF6-58D3A55C05C9}"
EndProject
Project("{9A19103F-16F7-4668-BE54-9A1E7A4F7556}") = "UIX.RenderApi", "libs\MicrosoftIris\UIX.RenderApi\UIX.RenderApi.csproj", "{CB2B7609-C7B8-4E2A-82D8-DD631B70B621}"
EndProject
Project("{2150E333-8FDC-42A3-9474-1A3956D46DE8}") = "libs", "libs", "{470F14DD-0489-4BE5-BB4B-421EDB4021AC}"
EndProject
Project("{9A19103F-16F7-4668-BE54-9A1E7A4F7556}") = "UIX.Asm", "libs\UIX.Asm\UIX.Asm.csproj", "{D311AFFC-CA27-4349-8B01-D5CF0E5FC2B6}"
EndProject
Project("{9A19103F-16F7-4668-BE54-9A1E7A4F7556}") = "UIX.Test", "libs\UIX.Test\UIX.Test.csproj", "{C401799F-64DA-41E2-BC37-BE3C304FAE19}"
EndProject
Project("{FAE04EC0-301F-11D3-BF4B-00C04F79EFBC}") = "UIXC", "UIXC\UIXC.csproj", "{F918CB09-0AE6-420E-B75C-852C0666483C}"
EndProject
Project("{FAE04EC0-301F-11D3-BF4B-00C04F79EFBC}") = "UIX.DecompXml", "libs\UIX.DecompXml\UIX.DecompXml.csproj", "{3AE2DF12-C52B-48DB-9120-BCA32BB04FB2}"
EndProject
Global
	GlobalSection(SolutionConfigurationPlatforms) = preSolution
		Debug|Any CPU = Debug|Any CPU
		Debug|x64 = Debug|x64
		Debug|x86 = Debug|x86
		Release|Any CPU = Release|Any CPU
		Release|x64 = Release|x64
		Release|x86 = Release|x86
	EndGlobalSection
	GlobalSection(ProjectConfigurationPlatforms) = postSolution
		{78A8B08C-C0E9-4BAC-9AF6-58D3A55C05C9}.Debug|Any CPU.ActiveCfg = Debug|Any CPU
		{78A8B08C-C0E9-4BAC-9AF6-58D3A55C05C9}.Debug|Any CPU.Build.0 = Debug|Any CPU
		{78A8B08C-C0E9-4BAC-9AF6-58D3A55C05C9}.Debug|x64.ActiveCfg = Debug|x64
		{78A8B08C-C0E9-4BAC-9AF6-58D3A55C05C9}.Debug|x64.Build.0 = Debug|x64
		{78A8B08C-C0E9-4BAC-9AF6-58D3A55C05C9}.Debug|x86.ActiveCfg = Debug|x86
		{78A8B08C-C0E9-4BAC-9AF6-58D3A55C05C9}.Debug|x86.Build.0 = Debug|x86
		{78A8B08C-C0E9-4BAC-9AF6-58D3A55C05C9}.Release|Any CPU.ActiveCfg = Release|Any CPU
		{78A8B08C-C0E9-4BAC-9AF6-58D3A55C05C9}.Release|Any CPU.Build.0 = Release|Any CPU
		{78A8B08C-C0E9-4BAC-9AF6-58D3A55C05C9}.Release|x64.ActiveCfg = Release|x64
		{78A8B08C-C0E9-4BAC-9AF6-58D3A55C05C9}.Release|x64.Build.0 = Release|x64
		{78A8B08C-C0E9-4BAC-9AF6-58D3A55C05C9}.Release|x86.ActiveCfg = Release|x86
		{78A8B08C-C0E9-4BAC-9AF6-58D3A55C05C9}.Release|x86.Build.0 = Release|x86
		{CB2B7609-C7B8-4E2A-82D8-DD631B70B621}.Debug|Any CPU.ActiveCfg = Debug|Any CPU
		{CB2B7609-C7B8-4E2A-82D8-DD631B70B621}.Debug|Any CPU.Build.0 = Debug|Any CPU
		{CB2B7609-C7B8-4E2A-82D8-DD631B70B621}.Debug|x64.ActiveCfg = Debug|x64
		{CB2B7609-C7B8-4E2A-82D8-DD631B70B621}.Debug|x64.Build.0 = Debug|x64
		{CB2B7609-C7B8-4E2A-82D8-DD631B70B621}.Debug|x86.ActiveCfg = Debug|x86
		{CB2B7609-C7B8-4E2A-82D8-DD631B70B621}.Debug|x86.Build.0 = Debug|x86
		{CB2B7609-C7B8-4E2A-82D8-DD631B70B621}.Release|Any CPU.ActiveCfg = Release|Any CPU
		{CB2B7609-C7B8-4E2A-82D8-DD631B70B621}.Release|Any CPU.Build.0 = Release|Any CPU
		{CB2B7609-C7B8-4E2A-82D8-DD631B70B621}.Release|x64.ActiveCfg = Release|x64
		{CB2B7609-C7B8-4E2A-82D8-DD631B70B621}.Release|x64.Build.0 = Release|x64
		{CB2B7609-C7B8-4E2A-82D8-DD631B70B621}.Release|x86.ActiveCfg = Release|x86
		{CB2B7609-C7B8-4E2A-82D8-DD631B70B621}.Release|x86.Build.0 = Release|x86
		{D311AFFC-CA27-4349-8B01-D5CF0E5FC2B6}.Debug|Any CPU.ActiveCfg = Debug|Any CPU
		{D311AFFC-CA27-4349-8B01-D5CF0E5FC2B6}.Debug|Any CPU.Build.0 = Debug|Any CPU
		{D311AFFC-CA27-4349-8B01-D5CF0E5FC2B6}.Debug|x64.ActiveCfg = Debug|Any CPU
		{D311AFFC-CA27-4349-8B01-D5CF0E5FC2B6}.Debug|x64.Build.0 = Debug|Any CPU
		{D311AFFC-CA27-4349-8B01-D5CF0E5FC2B6}.Debug|x86.ActiveCfg = Debug|Any CPU
		{D311AFFC-CA27-4349-8B01-D5CF0E5FC2B6}.Debug|x86.Build.0 = Debug|Any CPU
		{D311AFFC-CA27-4349-8B01-D5CF0E5FC2B6}.Release|Any CPU.ActiveCfg = Release|Any CPU
		{D311AFFC-CA27-4349-8B01-D5CF0E5FC2B6}.Release|Any CPU.Build.0 = Release|Any CPU
		{D311AFFC-CA27-4349-8B01-D5CF0E5FC2B6}.Release|x64.ActiveCfg = Release|Any CPU
		{D311AFFC-CA27-4349-8B01-D5CF0E5FC2B6}.Release|x64.Build.0 = Release|Any CPU
		{D311AFFC-CA27-4349-8B01-D5CF0E5FC2B6}.Release|x86.ActiveCfg = Release|Any CPU
		{D311AFFC-CA27-4349-8B01-D5CF0E5FC2B6}.Release|x86.Build.0 = Release|Any CPU
		{C401799F-64DA-41E2-BC37-BE3C304FAE19}.Debug|Any CPU.ActiveCfg = Debug|Any CPU
		{C401799F-64DA-41E2-BC37-BE3C304FAE19}.Debug|Any CPU.Build.0 = Debug|Any CPU
		{C401799F-64DA-41E2-BC37-BE3C304FAE19}.Debug|x64.ActiveCfg = Debug|Any CPU
		{C401799F-64DA-41E2-BC37-BE3C304FAE19}.Debug|x64.Build.0 = Debug|Any CPU
		{C401799F-64DA-41E2-BC37-BE3C304FAE19}.Debug|x86.ActiveCfg = Debug|Any CPU
		{C401799F-64DA-41E2-BC37-BE3C304FAE19}.Debug|x86.Build.0 = Debug|Any CPU
		{C401799F-64DA-41E2-BC37-BE3C304FAE19}.Release|Any CPU.ActiveCfg = Release|Any CPU
		{C401799F-64DA-41E2-BC37-BE3C304FAE19}.Release|Any CPU.Build.0 = Release|Any CPU
		{C401799F-64DA-41E2-BC37-BE3C304FAE19}.Release|x64.ActiveCfg = Release|Any CPU
		{C401799F-64DA-41E2-BC37-BE3C304FAE19}.Release|x64.Build.0 = Release|Any CPU
		{C401799F-64DA-41E2-BC37-BE3C304FAE19}.Release|x86.ActiveCfg = Release|Any CPU
		{C401799F-64DA-41E2-BC37-BE3C304FAE19}.Release|x86.Build.0 = Release|Any CPU
		{F918CB09-0AE6-420E-B75C-852C0666483C}.Debug|Any CPU.ActiveCfg = Debug|Any CPU
		{F918CB09-0AE6-420E-B75C-852C0666483C}.Debug|Any CPU.Build.0 = Debug|Any CPU
		{F918CB09-0AE6-420E-B75C-852C0666483C}.Debug|x64.ActiveCfg = Debug|Any CPU
		{F918CB09-0AE6-420E-B75C-852C0666483C}.Debug|x64.Build.0 = Debug|Any CPU
		{F918CB09-0AE6-420E-B75C-852C0666483C}.Debug|x86.ActiveCfg = Debug|Any CPU
		{F918CB09-0AE6-420E-B75C-852C0666483C}.Debug|x86.Build.0 = Debug|Any CPU
		{F918CB09-0AE6-420E-B75C-852C0666483C}.Release|Any CPU.ActiveCfg = Release|Any CPU
		{F918CB09-0AE6-420E-B75C-852C0666483C}.Release|Any CPU.Build.0 = Release|Any CPU
		{F918CB09-0AE6-420E-B75C-852C0666483C}.Release|x64.ActiveCfg = Release|Any CPU
		{F918CB09-0AE6-420E-B75C-852C0666483C}.Release|x64.Build.0 = Release|Any CPU
		{F918CB09-0AE6-420E-B75C-852C0666483C}.Release|x86.ActiveCfg = Release|Any CPU
		{F918CB09-0AE6-420E-B75C-852C0666483C}.Release|x86.Build.0 = Release|Any CPU
		{3AE2DF12-C52B-48DB-9120-BCA32BB04FB2}.Debug|Any CPU.ActiveCfg = Debug|Any CPU
		{3AE2DF12-C52B-48DB-9120-BCA32BB04FB2}.Debug|Any CPU.Build.0 = Debug|Any CPU
		{3AE2DF12-C52B-48DB-9120-BCA32BB04FB2}.Debug|x64.ActiveCfg = Debug|Any CPU
		{3AE2DF12-C52B-48DB-9120-BCA32BB04FB2}.Debug|x64.Build.0 = Debug|Any CPU
		{3AE2DF12-C52B-48DB-9120-BCA32BB04FB2}.Debug|x86.ActiveCfg = Debug|Any CPU
		{3AE2DF12-C52B-48DB-9120-BCA32BB04FB2}.Debug|x86.Build.0 = Debug|Any CPU
		{3AE2DF12-C52B-48DB-9120-BCA32BB04FB2}.Release|Any CPU.ActiveCfg = Release|Any CPU
		{3AE2DF12-C52B-48DB-9120-BCA32BB04FB2}.Release|Any CPU.Build.0 = Release|Any CPU
		{3AE2DF12-C52B-48DB-9120-BCA32BB04FB2}.Release|x64.ActiveCfg = Release|Any CPU
		{3AE2DF12-C52B-48DB-9120-BCA32BB04FB2}.Release|x64.Build.0 = Release|Any CPU
		{3AE2DF12-C52B-48DB-9120-BCA32BB04FB2}.Release|x86.ActiveCfg = Release|Any CPU
		{3AE2DF12-C52B-48DB-9120-BCA32BB04FB2}.Release|x86.Build.0 = Release|Any CPU
	EndGlobalSection
	GlobalSection(SolutionProperties) = preSolution
		HideSolutionNode = FALSE
	EndGlobalSection
	GlobalSection(NestedProjects) = preSolution
		{78A8B08C-C0E9-4BAC-9AF6-58D3A55C05C9} = {470F14DD-0489-4BE5-BB4B-421EDB4021AC}
		{CB2B7609-C7B8-4E2A-82D8-DD631B70B621} = {470F14DD-0489-4BE5-BB4B-421EDB4021AC}
		{D311AFFC-CA27-4349-8B01-D5CF0E5FC2B6} = {470F14DD-0489-4BE5-BB4B-421EDB4021AC}
		{C401799F-64DA-41E2-BC37-BE3C304FAE19} = {470F14DD-0489-4BE5-BB4B-421EDB4021AC}
		{3AE2DF12-C52B-48DB-9120-BCA32BB04FB2} = {470F14DD-0489-4BE5-BB4B-421EDB4021AC}
	EndGlobalSection
	GlobalSection(ExtensibilityGlobals) = postSolution
		SolutionGuid = {4FFAF324-5FC4-4AAF-A0D7-BAA0D81C2B4C}
	EndGlobalSection
EndGlobal
